
Microsoft Visual Studio Solution File, Format Version 12.00
# Visual Studio Version 17
VisualStudioVersion = 17.9.34622.214
MinimumVisualStudioVersion = 10.0.40219.1
Project("{FAE04EC0-301F-11D3-BF4B-00C04F79EFBC}") = "EmployeeAdminPortal", "EmployeeAdminPortal\EmployeeAdminPortal.csproj", "{8B24C732-009C-4E6B-9F2F-DD99122D93CD}"
EndProject
Global
	GlobalSection(SolutionConfigurationPlatforms) = preSolution
		Debug|Any CPU = Debug|Any CPU
		Release|Any CPU = Release|Any CPU
	EndGlobalSection
	GlobalSection(ProjectConfigurationPlatforms) = postSolution
		{8B24C732-009C-4E6B-9F2F-DD99122D93CD}.Debug|Any CPU.ActiveCfg = Debug|Any CPU
		{8B24C732-009C-4E6B-9F2F-DD99122D93CD}.Debug|Any CPU.Build.0 = Debug|Any CPU
		{8B24C732-009C-4E6B-9F2F-DD99122D93CD}.Release|Any CPU.ActiveCfg = Release|Any CPU
		{8B24C732-009C-4E6B-9F2F-DD99122D93CD}.Release|Any CPU.Build.0 = Release|Any CPU
	EndGlobalSection
	GlobalSection(SolutionProperties) = preSolution
		HideSolutionNode = FALSE
	EndGlobalSection
	GlobalSection(ExtensibilityGlobals) = postSolution
		SolutionGuid = {67E94F35-A15F-449B-89B2-FE869C735ECA}
	EndGlobalSection
EndGlobal
